<Solution>
  <Project Path="Affiliate.Events/Affiliate.Events.csproj" />
  <Project Path="AffiliateMarketing.API/AffiliateMarketing.API.csproj" />
  <Project Path="AffiliateMarketing.Application/AffiliateMarketing.Application.csproj" />
  <Project Path="AffiliateMarketing.Contracts/AffiliateMarketing.Contracts.csproj" />
  <Project Path="AffiliateMarketing.Domain/AffiliateMarketing.Domain.csproj" />
  <Project Path="AffiliateMarketing.Infrastructure/AffiliateMarketing.Infrastructure.csproj" />
</Solution>
